<?xml version="1.0" encoding="utf-8"?>
<Project ToolsVersion="4.0" xmlns="http://schemas.microsoft.com/developer/msbuild/2003">
  <ItemGroup>
    <Filter Include="Models">
      <UniqueIdentifier>{c30852cb-5bae-4314-9cfd-444f8d5b7b7c}</UniqueIdentifier>
    </Filter>
    <Filter Include="File VBGOs">
      <UniqueIdentifier>{efbd3b22-dc07-4b8b-86eb-09dc8c46b7e5}</UniqueIdentifier>
    </Filter>
    <Filter Include="Textures">
      <UniqueIdentifier>{0c01afb0-8a36-4aad-bf34-0bf53ac174f1}</UniqueIdentifier>
    </Filter>
    <Filter Include="Shaders">
      <UniqueIdentifier>{bf1a90b0-583e-432a-b6d3-acf4d3f3acab}</UniqueIdentifier>
    </Filter>
  </ItemGroup>
  <ItemGroup>
    <Text Include="terrainTex.txt">
      <Filter>File VBGOs</Filter>
    </Text>
  </ItemGroup>
  <ItemGroup>
    <None Include="shader.fx">
      <Filter>Shaders</Filter>
    </None>
  </ItemGroup>
</Project>